
Microsoft Visual Studio Solution File, Format Version 12.00
# Visual Studio Version 17
VisualStudioVersion = 17.0.31903.59
MinimumVisualStudioVersion = 10.0.40219.1
Project("{FAE04EC0-301F-11D3-BF4B-00C04F79EFBC}") = "TradingService", "TradingService\TradingService.csproj", "{A04BF0BC-5679-4EFD-AD4F-E1A9AE32E1BE}"
EndProject
Project("{FAE04EC0-301F-11D3-BF4B-00C04F79EFBC}") = "ConsoleApp1", "ConsoleApp1\ConsoleApp1.csproj", "{B1A4AE09-35CD-4709-AE27-37067C885439}"
EndProject
Project("{FAE04EC0-301F-11D3-BF4B-00C04F79EFBC}") = "WinFormsApp1", "WinFormsApp1\WinFormsApp1.csproj", "{64E9A120-7E50-492C-9860-FCBE1B034351}"
EndProject
Project("{FAE04EC0-301F-11D3-BF4B-00C04F79EFBC}") = "WinFormsApp2", "WinFormsApp2\WinFormsApp2.csproj", "{4CBC151A-0077-4E2B-B662-77B70A6DB4CC}"
EndProject
Project("{2150E333-8FDC-42A3-9474-1A3956D46DE8}") = "Trading", "Trading", "{02EA681E-C7D8-13C7-8484-4AC65E1B71E8}"
EndProject
Project("{FAE04EC0-301F-11D3-BF4B-00C04F79EFBC}") = "Common", "Trading\Common\Common.csproj", "{2F34489E-352D-0E72-83B4-DB041B8E5A2E}"
EndProject
Project("{2150E333-8FDC-42A3-9474-1A3956D46DE8}") = "ConsoleTest", "ConsoleTest", "{9414ECA5-8D95-45C1-B3F7-679ED1125763}"
EndProject
Project("{FAE04EC0-301F-11D3-BF4B-00C04F79EFBC}") = "ConsoleTest", "Trading\ConsoleTest\ConsoleTest.csproj", "{AE402F5A-CEAF-8F67-085D-F25558E1B8F6}"
EndProject
Project("{2150E333-8FDC-42A3-9474-1A3956D46DE8}") = "UI", "UI", "{1260B1E5-813B-4EA3-88D0-67B8223967DF}"
EndProject
Project("{FAE04EC0-301F-11D3-BF4B-00C04F79EFBC}") = "WinFormsApp", "Trading\WinFormsApp\WinFormsApp.csproj", "{1AFF7B17-34E6-BC99-0072-1E01D65AEC64}"
EndProject
Global
	GlobalSection(SolutionConfigurationPlatforms) = preSolution
		Debug|Any CPU = Debug|Any CPU
		Release|Any CPU = Release|Any CPU
	EndGlobalSection
	GlobalSection(ProjectConfigurationPlatforms) = postSolution
		{A04BF0BC-5679-4EFD-AD4F-E1A9AE32E1BE}.Debug|Any CPU.ActiveCfg = Debug|Any CPU
		{A04BF0BC-5679-4EFD-AD4F-E1A9AE32E1BE}.Debug|Any CPU.Build.0 = Debug|Any CPU
		{A04BF0BC-5679-4EFD-AD4F-E1A9AE32E1BE}.Release|Any CPU.ActiveCfg = Release|Any CPU
		{A04BF0BC-5679-4EFD-AD4F-E1A9AE32E1BE}.Release|Any CPU.Build.0 = Release|Any CPU
		{B1A4AE09-35CD-4709-AE27-37067C885439}.Debug|Any CPU.ActiveCfg = Debug|Any CPU
		{B1A4AE09-35CD-4709-AE27-37067C885439}.Debug|Any CPU.Build.0 = Debug|Any CPU
		{B1A4AE09-35CD-4709-AE27-37067C885439}.Release|Any CPU.ActiveCfg = Release|Any CPU
		{B1A4AE09-35CD-4709-AE27-37067C885439}.Release|Any CPU.Build.0 = Release|Any CPU
		{64E9A120-7E50-492C-9860-FCBE1B034351}.Debug|Any CPU.ActiveCfg = Debug|Any CPU
		{64E9A120-7E50-492C-9860-FCBE1B034351}.Debug|Any CPU.Build.0 = Debug|Any CPU
		{64E9A120-7E50-492C-9860-FCBE1B034351}.Release|Any CPU.ActiveCfg = Release|Any CPU
		{64E9A120-7E50-492C-9860-FCBE1B034351}.Release|Any CPU.Build.0 = Release|Any CPU
		{4CBC151A-0077-4E2B-B662-77B70A6DB4CC}.Debug|Any CPU.ActiveCfg = Debug|Any CPU
		{4CBC151A-0077-4E2B-B662-77B70A6DB4CC}.Debug|Any CPU.Build.0 = Debug|Any CPU
		{4CBC151A-0077-4E2B-B662-77B70A6DB4CC}.Release|Any CPU.ActiveCfg = Release|Any CPU
		{4CBC151A-0077-4E2B-B662-77B70A6DB4CC}.Release|Any CPU.Build.0 = Release|Any CPU
		{2F34489E-352D-0E72-83B4-DB041B8E5A2E}.Debug|Any CPU.ActiveCfg = Debug|Any CPU
		{2F34489E-352D-0E72-83B4-DB041B8E5A2E}.Debug|Any CPU.Build.0 = Debug|Any CPU
		{2F34489E-352D-0E72-83B4-DB041B8E5A2E}.Release|Any CPU.ActiveCfg = Release|Any CPU
		{2F34489E-352D-0E72-83B4-DB041B8E5A2E}.Release|Any CPU.Build.0 = Release|Any CPU
		{AE402F5A-CEAF-8F67-085D-F25558E1B8F6}.Debug|Any CPU.ActiveCfg = Debug|Any CPU
		{AE402F5A-CEAF-8F67-085D-F25558E1B8F6}.Debug|Any CPU.Build.0 = Debug|Any CPU
		{AE402F5A-CEAF-8F67-085D-F25558E1B8F6}.Release|Any CPU.ActiveCfg = Release|Any CPU
		{AE402F5A-CEAF-8F67-085D-F25558E1B8F6}.Release|Any CPU.Build.0 = Release|Any CPU
		{1AFF7B17-34E6-BC99-0072-1E01D65AEC64}.Debug|Any CPU.ActiveCfg = Debug|Any CPU
		{1AFF7B17-34E6-BC99-0072-1E01D65AEC64}.Debug|Any CPU.Build.0 = Debug|Any CPU
		{1AFF7B17-34E6-BC99-0072-1E01D65AEC64}.Release|Any CPU.ActiveCfg = Release|Any CPU
		{1AFF7B17-34E6-BC99-0072-1E01D65AEC64}.Release|Any CPU.Build.0 = Release|Any CPU
	EndGlobalSection
	GlobalSection(SolutionProperties) = preSolution
		HideSolutionNode = FALSE
	EndGlobalSection
	GlobalSection(NestedProjects) = preSolution
		{2F34489E-352D-0E72-83B4-DB041B8E5A2E} = {02EA681E-C7D8-13C7-8484-4AC65E1B71E8}
		{9414ECA5-8D95-45C1-B3F7-679ED1125763} = {02EA681E-C7D8-13C7-8484-4AC65E1B71E8}
		{AE402F5A-CEAF-8F67-085D-F25558E1B8F6} = {9414ECA5-8D95-45C1-B3F7-679ED1125763}
		{1260B1E5-813B-4EA3-88D0-67B8223967DF} = {02EA681E-C7D8-13C7-8484-4AC65E1B71E8}
		{1AFF7B17-34E6-BC99-0072-1E01D65AEC64} = {1260B1E5-813B-4EA3-88D0-67B8223967DF}
	EndGlobalSection
	GlobalSection(ExtensibilityGlobals) = postSolution
		SolutionGuid = {0683B518-0BE9-43E6-8F37-89EDB72FE0C8}
	EndGlobalSection
EndGlobal
